// !$*UTF8*$!
{
	archiveVersion = 1;
	classes = {
	};
	objectVersion = 46;
	objects = {

/* Begin PBXBuildFile section */
		18059BFC19A8EA5300A28732 /* Util.m in Sources */ = {isa = PBXBuildFile; fileRef = 18059BFB19A8EA5300A28732 /* Util.m */; };
		18059BFF19A8F4E200A28732 /* Icon.png in Resources */ = {isa = PBXBuildFile; fileRef = 18059BFD19A8F4E200A28732 /* Icon.png */; };
		18059C0019A8F4E200A28732 /* Icon@2x.png in Resources */ = {isa = PBXBuildFile; fileRef = 18059BFE19A8F4E200A28732 /* Icon@2x.png */; };
		18059C0219A8F7D000A28732 /* Default.png in Resources */ = {isa = PBXBuildFile; fileRef = 18059C0119A8F7D000A28732 /* Default.png */; };
		181B70421906B6F300EE0F7D /* AboutView.m in Sources */ = {isa = PBXBuildFile; fileRef = 181B70411906B6F200EE0F7D /* AboutView.m */; };
		181B70441906BA6800EE0F7D /* me.png in Resources */ = {isa = PBXBuildFile; fileRef = 181B70431906BA6800EE0F7D /* me.png */; };
		182466A918F04769002CCF26 /* NameSheet.m in Sources */ = {isa = PBXBuildFile; fileRef = 182466A818F04769002CCF26 /* NameSheet.m */; };
		18293B2718F009A100E453C9 /* Foundation.framework in Frameworks */ = {isa = PBXBuildFile; fileRef = 18293B2618F009A100E453C9 /* Foundation.framework */; };
		18293B2918F009A100E453C9 /* CoreGraphics.framework in Frameworks */ = {isa = PBXBuildFile; fileRef = 18293B2818F009A100E453C9 /* CoreGraphics.framework */; };
		18293B2B18F009A100E453C9 /* UIKit.framework in Frameworks */ = {isa = PBXBuildFile; fileRef = 18293B2A18F009A100E453C9 /* UIKit.framework */; };
		18293B3118F009A100E453C9 /* InfoPlist.strings in Resources */ = {isa = PBXBuildFile; fileRef = 18293B2F18F009A100E453C9 /* InfoPlist.strings */; };
		18293B3318F009A100E453C9 /* main.m in Sources */ = {isa = PBXBuildFile; fileRef = 18293B3218F009A100E453C9 /* main.m */; };
		18293B3718F009A100E453C9 /* AppDelegate.m in Sources */ = {isa = PBXBuildFile; fileRef = 18293B3618F009A100E453C9 /* AppDelegate.m */; };
		18293B3A18F009A100E453C9 /* Main.storyboard in Resources */ = {isa = PBXBuildFile; fileRef = 18293B3818F009A100E453C9 /* Main.storyboard */; };
		18293B3D18F009A100E453C9 /* ViewController.m in Sources */ = {isa = PBXBuildFile; fileRef = 18293B3C18F009A100E453C9 /* ViewController.m */; };
		18293B3F18F009A100E453C9 /* Images.xcassets in Resources */ = {isa = PBXBuildFile; fileRef = 18293B3E18F009A100E453C9 /* Images.xcassets */; };
		18293B4618F009A100E453C9 /* XCTest.framework in Frameworks */ = {isa = PBXBuildFile; fileRef = 18293B4518F009A100E453C9 /* XCTest.framework */; };
		18293B4718F009A100E453C9 /* Foundation.framework in Frameworks */ = {isa = PBXBuildFile; fileRef = 18293B2618F009A100E453C9 /* Foundation.framework */; };
		18293B4818F009A100E453C9 /* UIKit.framework in Frameworks */ = {isa = PBXBuildFile; fileRef = 18293B2A18F009A100E453C9 /* UIKit.framework */; };
		18293B5018F009A100E453C9 /* InfoPlist.strings in Resources */ = {isa = PBXBuildFile; fileRef = 18293B4E18F009A100E453C9 /* InfoPlist.strings */; };
		18293B5218F009A100E453C9 /* aacalcTests.m in Sources */ = {isa = PBXBuildFile; fileRef = 18293B5118F009A100E453C9 /* aacalcTests.m */; };
		1863738718F121A6002C1DED /* ButtonUtil.m in Sources */ = {isa = PBXBuildFile; fileRef = 1863738618F121A6002C1DED /* ButtonUtil.m */; };
		1863738B18F12509002C1DED /* FormDetail.m in Sources */ = {isa = PBXBuildFile; fileRef = 1863738A18F12509002C1DED /* FormDetail.m */; };
		1863738E18F12EF0002C1DED /* NSLogExt.m in Sources */ = {isa = PBXBuildFile; fileRef = 1863738D18F12EF0002C1DED /* NSLogExt.m */; };
		1863739118F13B4C002C1DED /* DialogUtil.m in Sources */ = {isa = PBXBuildFile; fileRef = 1863739018F13B4C002C1DED /* DialogUtil.m */; };
		1863739718F142E7002C1DED /* FormTableViewCell.m in Sources */ = {isa = PBXBuildFile; fileRef = 1863739618F142E7002C1DED /* FormTableViewCell.m */; };
		1863739918F14313002C1DED /* FormTableViewCell.xib in Resources */ = {isa = PBXBuildFile; fileRef = 1863739818F14313002C1DED /* FormTableViewCell.xib */; };
		1866B18518F00AD100A17794 /* FMDatabase.m in Sources */ = {isa = PBXBuildFile; fileRef = 1866B17C18F00AD100A17794 /* FMDatabase.m */; };
		1866B18618F00AD100A17794 /* FMDatabaseAdditions.m in Sources */ = {isa = PBXBuildFile; fileRef = 1866B17E18F00AD100A17794 /* FMDatabaseAdditions.m */; };
		1866B18718F00AD100A17794 /* FMDatabasePool.m in Sources */ = {isa = PBXBuildFile; fileRef = 1866B18018F00AD100A17794 /* FMDatabasePool.m */; };
		1866B18818F00AD100A17794 /* FMDatabaseQueue.m in Sources */ = {isa = PBXBuildFile; fileRef = 1866B18218F00AD100A17794 /* FMDatabaseQueue.m */; };
		1866B18918F00AD100A17794 /* FMResultSet.m in Sources */ = {isa = PBXBuildFile; fileRef = 1866B18418F00AD100A17794 /* FMResultSet.m */; };
		1866B18B18F00BBB00A17794 /* libsqlite3.0.dylib in Frameworks */ = {isa = PBXBuildFile; fileRef = 1866B18A18F00BBB00A17794 /* libsqlite3.0.dylib */; };
		18A01FD518F0F6310078E7AE /* DataItem.m in Sources */ = {isa = PBXBuildFile; fileRef = 18A01FD418F0F6310078E7AE /* DataItem.m */; };
		18B04FE218F00D6C00D006BE /* SqlHelper.m in Sources */ = {isa = PBXBuildFile; fileRef = 18B04FE118F00D6C00D006BE /* SqlHelper.m */; };
		18E819E218F0350C00754406 /* MyDBManager.m in Sources */ = {isa = PBXBuildFile; fileRef = 18E819E118F0350C00754406 /* MyDBManager.m */; };
		18E819E518F03A8C00754406 /* Form.m in Sources */ = {isa = PBXBuildFile; fileRef = 18E819E418F03A8C00754406 /* Form.m */; };
		18ED4F7C18F19387002969C8 /* NameSheetDetail.m in Sources */ = {isa = PBXBuildFile; fileRef = 18ED4F7B18F19387002969C8 /* NameSheetDetail.m */; };
		18ED4F7F18F19554002969C8 /* NameSheetViewCell.m in Sources */ = {isa = PBXBuildFile; fileRef = 18ED4F7E18F19554002969C8 /* NameSheetViewCell.m */; };
		18ED4F8118F19577002969C8 /* NameSheetViewCell.xib in Resources */ = {isa = PBXBuildFile; fileRef = 18ED4F8018F19577002969C8 /* NameSheetViewCell.xib */; };
		18ED4F8718F1AD9C002969C8 /* DataItemList.m in Sources */ = {isa = PBXBuildFile; fileRef = 18ED4F8618F1AD9C002969C8 /* DataItemList.m */; };
		18ED4F8A18F1B247002969C8 /* DataItemViewCell.m in Sources */ = {isa = PBXBuildFile; fileRef = 18ED4F8918F1B247002969C8 /* DataItemViewCell.m */; };
		18EDCFF318F23FA3000B3B5C /* DataItemDetail.m in Sources */ = {isa = PBXBuildFile; fileRef = 18EDCFF218F23FA3000B3B5C /* DataItemDetail.m */; };
		18EDCFF518F24900000B3B5C /* DataItemViewCell.xib in Resources */ = {isa = PBXBuildFile; fileRef = 18EDCFF418F24900000B3B5C /* DataItemViewCell.xib */; };
		18EF7E3118F1599700A6B77C /* PlatformUtil.m in Sources */ = {isa = PBXBuildFile; fileRef = 18EF7E3018F1599700A6B77C /* PlatformUtil.m */; };
		18EF7E3418F15D4D00A6B77C /* NameSheetList.m in Sources */ = {isa = PBXBuildFile; fileRef = 18EF7E3318F15D4D00A6B77C /* NameSheetList.m */; };
/* End PBXBuildFile section */

/* Begin PBXContainerItemProxy section */
		18293B4918F009A100E453C9 /* PBXContainerItemProxy */ = {
			isa = PBXContainerItemProxy;
			containerPortal = 18293B1B18F0099D00E453C9 /* Project object */;
			proxyType = 1;
			remoteGlobalIDString = 18293B2218F009A100E453C9;
			remoteInfo = aacalc;
		};
/* End PBXContainerItemProxy section */

/* Begin PBXFileReference section */
		18059BFA19A8EA5300A28732 /* Util.h */ = {isa = PBXFileReference; fileEncoding = 4; lastKnownFileType = sourcecode.c.h; path = Util.h; sourceTree = "<group>"; };
		18059BFB19A8EA5300A28732 /* Util.m */ = {isa = PBXFileReference; fileEncoding = 4; lastKnownFileType = sourcecode.c.objc; path = Util.m; sourceTree = "<group>"; };
		18059BFD19A8F4E200A28732 /* Icon.png */ = {isa = PBXFileReference; lastKnownFileType = image.png; path = Icon.png; sourceTree = "<group>"; };
		18059BFE19A8F4E200A28732 /* Icon@2x.png */ = {isa = PBXFileReference; lastKnownFileType = image.png; path = "Icon@2x.png"; sourceTree = "<group>"; };
		18059C0119A8F7D000A28732 /* Default.png */ = {isa = PBXFileReference; lastKnownFileType = image.png; path = Default.png; sourceTree = "<group>"; };
		181B70401906B6F200EE0F7D /* AboutView.h */ = {isa = PBXFileReference; fileEncoding = 4; lastKnownFileType = sourcecode.c.h; path = AboutView.h; sourceTree = "<group>"; };
		181B70411906B6F200EE0F7D /* AboutView.m */ = {isa = PBXFileReference; fileEncoding = 4; lastKnownFileType = sourcecode.c.objc; path = AboutView.m; sourceTree = "<group>"; };
		181B70431906BA6800EE0F7D /* me.png */ = {isa = PBXFileReference; lastKnownFileType = image.png; path = me.png; sourceTree = "<group>"; };
		182466A718F04769002CCF26 /* NameSheet.h */ = {isa = PBXFileReference; fileEncoding = 4; lastKnownFileType = sourcecode.c.h; path = NameSheet.h; sourceTree = "<group>"; };
		182466A818F04769002CCF26 /* NameSheet.m */ = {isa = PBXFileReference; fileEncoding = 4; lastKnownFileType = sourcecode.c.objc; path = NameSheet.m; sourceTree = "<group>"; };
		18293B2318F009A100E453C9 /* aacalc.app */ = {isa = PBXFileReference; explicitFileType = wrapper.application; includeInIndex = 0; path = aacalc.app; sourceTree = BUILT_PRODUCTS_DIR; };
		18293B2618F009A100E453C9 /* Foundation.framework */ = {isa = PBXFileReference; lastKnownFileType = wrapper.framework; name = Foundation.framework; path = System/Library/Frameworks/Foundation.framework; sourceTree = SDKROOT; };
		18293B2818F009A100E453C9 /* CoreGraphics.framework */ = {isa = PBXFileReference; lastKnownFileType = wrapper.framework; name = CoreGraphics.framework; path = System/Library/Frameworks/CoreGraphics.framework; sourceTree = SDKROOT; };
		18293B2A18F009A100E453C9 /* UIKit.framework */ = {isa = PBXFileReference; lastKnownFileType = wrapper.framework; name = UIKit.framework; path = System/Library/Frameworks/UIKit.framework; sourceTree = SDKROOT; };
		18293B2E18F009A100E453C9 /* aacalc-Info.plist */ = {isa = PBXFileReference; lastKnownFileType = text.plist.xml; path = "aacalc-Info.plist"; sourceTree = "<group>"; };
		18293B3018F009A100E453C9 /* en */ = {isa = PBXFileReference; lastKnownFileType = text.plist.strings; name = en; path = en.lproj/InfoPlist.strings; sourceTree = "<group>"; };
		18293B3218F009A100E453C9 /* main.m */ = {isa = PBXFileReference; lastKnownFileType = sourcecode.c.objc; path = main.m; sourceTree = "<group>"; };
		18293B3418F009A100E453C9 /* aacalc-Prefix.pch */ = {isa = PBXFileReference; lastKnownFileType = sourcecode.c.h; path = "aacalc-Prefix.pch"; sourceTree = "<group>"; };
		18293B3518F009A100E453C9 /* AppDelegate.h */ = {isa = PBXFileReference; lastKnownFileType = sourcecode.c.h; path = AppDelegate.h; sourceTree = "<group>"; };
		18293B3618F009A100E453C9 /* AppDelegate.m */ = {isa = PBXFileReference; lastKnownFileType = sourcecode.c.objc; path = AppDelegate.m; sourceTree = "<group>"; };
		18293B3918F009A100E453C9 /* Base */ = {isa = PBXFileReference; lastKnownFileType = file.storyboard; name = Base; path = Base.lproj/Main.storyboard; sourceTree = "<group>"; };
		18293B3B18F009A100E453C9 /* ViewController.h */ = {isa = PBXFileReference; lastKnownFileType = sourcecode.c.h; path = ViewController.h; sourceTree = "<group>"; };
		18293B3C18F009A100E453C9 /* ViewController.m */ = {isa = PBXFileReference; lastKnownFileType = sourcecode.c.objc; path = ViewController.m; sourceTree = "<group>"; };
		18293B3E18F009A100E453C9 /* Images.xcassets */ = {isa = PBXFileReference; lastKnownFileType = folder.assetcatalog; path = Images.xcassets; sourceTree = "<group>"; };
		18293B4418F009A100E453C9 /* aacalcTests.xctest */ = {isa = PBXFileReference; explicitFileType = wrapper.cfbundle; includeInIndex = 0; path = aacalcTests.xctest; sourceTree = BUILT_PRODUCTS_DIR; };
		18293B4518F009A100E453C9 /* XCTest.framework */ = {isa = PBXFileReference; lastKnownFileType = wrapper.framework; name = XCTest.framework; path = Library/Frameworks/XCTest.framework; sourceTree = DEVELOPER_DIR; };
		18293B4D18F009A100E453C9 /* aacalcTests-Info.plist */ = {isa = PBXFileReference; lastKnownFileType = text.plist.xml; path = "aacalcTests-Info.plist"; sourceTree = "<group>"; };
		18293B4F18F009A100E453C9 /* en */ = {isa = PBXFileReference; lastKnownFileType = text.plist.strings; name = en; path = en.lproj/InfoPlist.strings; sourceTree = "<group>"; };
		18293B5118F009A100E453C9 /* aacalcTests.m */ = {isa = PBXFileReference; lastKnownFileType = sourcecode.c.objc; path = aacalcTests.m; sourceTree = "<group>"; };
		1863738518F121A6002C1DED /* ButtonUtil.h */ = {isa = PBXFileReference; fileEncoding = 4; lastKnownFileType = sourcecode.c.h; path = ButtonUtil.h; sourceTree = "<group>"; };
		1863738618F121A6002C1DED /* ButtonUtil.m */ = {isa = PBXFileReference; fileEncoding = 4; lastKnownFileType = sourcecode.c.objc; path = ButtonUtil.m; sourceTree = "<group>"; };
		1863738918F12509002C1DED /* FormDetail.h */ = {isa = PBXFileReference; fileEncoding = 4; lastKnownFileType = sourcecode.c.h; path = FormDetail.h; sourceTree = "<group>"; };
		1863738A18F12509002C1DED /* FormDetail.m */ = {isa = PBXFileReference; fileEncoding = 4; lastKnownFileType = sourcecode.c.objc; path = FormDetail.m; sourceTree = "<group>"; };
		1863738C18F12EAF002C1DED /* NSLogExt.h */ = {isa = PBXFileReference; lastKnownFileType = sourcecode.c.h; path = NSLogExt.h; sourceTree = "<group>"; };
		1863738D18F12EF0002C1DED /* NSLogExt.m */ = {isa = PBXFileReference; fileEncoding = 4; lastKnownFileType = sourcecode.c.objc; path = NSLogExt.m; sourceTree = "<group>"; };
		1863738F18F13B4C002C1DED /* DialogUtil.h */ = {isa = PBXFileReference; fileEncoding = 4; lastKnownFileType = sourcecode.c.h; path = DialogUtil.h; sourceTree = "<group>"; };
		1863739018F13B4C002C1DED /* DialogUtil.m */ = {isa = PBXFileReference; fileEncoding = 4; lastKnownFileType = sourcecode.c.objc; path = DialogUtil.m; sourceTree = "<group>"; };
		1863739518F142E7002C1DED /* FormTableViewCell.h */ = {isa = PBXFileReference; fileEncoding = 4; lastKnownFileType = sourcecode.c.h; path = FormTableViewCell.h; sourceTree = "<group>"; };
		1863739618F142E7002C1DED /* FormTableViewCell.m */ = {isa = PBXFileReference; fileEncoding = 4; lastKnownFileType = sourcecode.c.objc; path = FormTableViewCell.m; sourceTree = "<group>"; };
		1863739818F14313002C1DED /* FormTableViewCell.xib */ = {isa = PBXFileReference; fileEncoding = 4; lastKnownFileType = file.xib; path = FormTableViewCell.xib; sourceTree = "<group>"; };
		1866B17B18F00AD100A17794 /* FMDatabase.h */ = {isa = PBXFileReference; fileEncoding = 4; lastKnownFileType = sourcecode.c.h; path = FMDatabase.h; sourceTree = "<group>"; };
		1866B17C18F00AD100A17794 /* FMDatabase.m */ = {isa = PBXFileReference; fileEncoding = 4; lastKnownFileType = sourcecode.c.objc; path = FMDatabase.m; sourceTree = "<group>"; };
		1866B17D18F00AD100A17794 /* FMDatabaseAdditions.h */ = {isa = PBXFileReference; fileEncoding = 4; lastKnownFileType = sourcecode.c.h; path = FMDatabaseAdditions.h; sourceTree = "<group>"; };
		1866B17E18F00AD100A17794 /* FMDatabaseAdditions.m */ = {isa = PBXFileReference; fileEncoding = 4; lastKnownFileType = sourcecode.c.objc; path = FMDatabaseAdditions.m; sourceTree = "<group>"; };
		1866B17F18F00AD100A17794 /* FMDatabasePool.h */ = {isa = PBXFileReference; fileEncoding = 4; lastKnownFileType = sourcecode.c.h; path = FMDatabasePool.h; sourceTree = "<group>"; };
		1866B18018F00AD100A17794 /* FMDatabasePool.m */ = {isa = PBXFileReference; fileEncoding = 4; lastKnownFileType = sourcecode.c.objc; path = FMDatabasePool.m; sourceTree = "<group>"; };
		1866B18118F00AD100A17794 /* FMDatabaseQueue.h */ = {isa = PBXFileReference; fileEncoding = 4; lastKnownFileType = sourcecode.c.h; path = FMDatabaseQueue.h; sourceTree = "<group>"; };
		1866B18218F00AD100A17794 /* FMDatabaseQueue.m */ = {isa = PBXFileReference; fileEncoding = 4; lastKnownFileType = sourcecode.c.objc; path = FMDatabaseQueue.m; sourceTree = "<group>"; };
		1866B18318F00AD100A17794 /* FMResultSet.h */ = {isa = PBXFileReference; fileEncoding = 4; lastKnownFileType = sourcecode.c.h; path = FMResultSet.h; sourceTree = "<group>"; };
		1866B18418F00AD100A17794 /* FMResultSet.m */ = {isa = PBXFileReference; fileEncoding = 4; lastKnownFileType = sourcecode.c.objc; path = FMResultSet.m; sourceTree = "<group>"; };
		1866B18A18F00BBB00A17794 /* libsqlite3.0.dylib */ = {isa = PBXFileReference; lastKnownFileType = "compiled.mach-o.dylib"; name = libsqlite3.0.dylib; path = usr/lib/libsqlite3.0.dylib; sourceTree = SDKROOT; };
		18A01FD318F0F6310078E7AE /* DataItem.h */ = {isa = PBXFileReference; fileEncoding = 4; lastKnownFileType = sourcecode.c.h; path = DataItem.h; sourceTree = "<group>"; };
		18A01FD418F0F6310078E7AE /* DataItem.m */ = {isa = PBXFileReference; fileEncoding = 4; lastKnownFileType = sourcecode.c.objc; path = DataItem.m; sourceTree = "<group>"; };
		18B04FE018F00D6C00D006BE /* SqlHelper.h */ = {isa = PBXFileReference; fileEncoding = 4; lastKnownFileType = sourcecode.c.h; path = SqlHelper.h; sourceTree = "<group>"; };
		18B04FE118F00D6C00D006BE /* SqlHelper.m */ = {isa = PBXFileReference; fileEncoding = 4; lastKnownFileType = sourcecode.c.objc; path = SqlHelper.m; sourceTree = "<group>"; };
		18E819E018F0350C00754406 /* MyDBManager.h */ = {isa = PBXFileReference; fileEncoding = 4; lastKnownFileType = sourcecode.c.h; path = MyDBManager.h; sourceTree = "<group>"; };
		18E819E118F0350C00754406 /* MyDBManager.m */ = {isa = PBXFileReference; fileEncoding = 4; lastKnownFileType = sourcecode.c.objc; path = MyDBManager.m; sourceTree = "<group>"; };
		18E819E318F03A8C00754406 /* Form.h */ = {isa = PBXFileReference; fileEncoding = 4; lastKnownFileType = sourcecode.c.h; path = Form.h; sourceTree = "<group>"; };
		18E819E418F03A8C00754406 /* Form.m */ = {isa = PBXFileReference; fileEncoding = 4; lastKnownFileType = sourcecode.c.objc; path = Form.m; sourceTree = "<group>"; };
		18ED4F7A18F19387002969C8 /* NameSheetDetail.h */ = {isa = PBXFileReference; fileEncoding = 4; lastKnownFileType = sourcecode.c.h; path = NameSheetDetail.h; sourceTree = "<group>"; };
		18ED4F7B18F19387002969C8 /* NameSheetDetail.m */ = {isa = PBXFileReference; fileEncoding = 4; lastKnownFileType = sourcecode.c.objc; path = NameSheetDetail.m; sourceTree = "<group>"; };
		18ED4F7D18F19554002969C8 /* NameSheetViewCell.h */ = {isa = PBXFileReference; fileEncoding = 4; lastKnownFileType = sourcecode.c.h; path = NameSheetViewCell.h; sourceTree = "<group>"; };
		18ED4F7E18F19554002969C8 /* NameSheetViewCell.m */ = {isa = PBXFileReference; fileEncoding = 4; lastKnownFileType = sourcecode.c.objc; path = NameSheetViewCell.m; sourceTree = "<group>"; };
		18ED4F8018F19577002969C8 /* NameSheetViewCell.xib */ = {isa = PBXFileReference; fileEncoding = 4; lastKnownFileType = file.xib; path = NameSheetViewCell.xib; sourceTree = "<group>"; };
		18ED4F8518F1AD9C002969C8 /* DataItemList.h */ = {isa = PBXFileReference; fileEncoding = 4; lastKnownFileType = sourcecode.c.h; path = DataItemList.h; sourceTree = "<group>"; };
		18ED4F8618F1AD9C002969C8 /* DataItemList.m */ = {isa = PBXFileReference; fileEncoding = 4; lastKnownFileType = sourcecode.c.objc; path = DataItemList.m; sourceTree = "<group>"; };
		18ED4F8818F1B247002969C8 /* DataItemViewCell.h */ = {isa = PBXFileReference; fileEncoding = 4; lastKnownFileType = sourcecode.c.h; path = DataItemViewCell.h; sourceTree = "<group>"; };
		18ED4F8918F1B247002969C8 /* DataItemViewCell.m */ = {isa = PBXFileReference; fileEncoding = 4; lastKnownFileType = sourcecode.c.objc; path = DataItemViewCell.m; sourceTree = "<group>"; };
		18EDCFF118F23FA3000B3B5C /* DataItemDetail.h */ = {isa = PBXFileReference; fileEncoding = 4; lastKnownFileType = sourcecode.c.h; path = DataItemDetail.h; sourceTree = "<group>"; };
		18EDCFF218F23FA3000B3B5C /* DataItemDetail.m */ = {isa = PBXFileReference; fileEncoding = 4; lastKnownFileType = sourcecode.c.objc; path = DataItemDetail.m; sourceTree = "<group>"; };
		18EDCFF418F24900000B3B5C /* DataItemViewCell.xib */ = {isa = PBXFileReference; fileEncoding = 4; lastKnownFileType = file.xib; path = DataItemViewCell.xib; sourceTree = "<group>"; };
		18EF7E2F18F1599700A6B77C /* PlatformUtil.h */ = {isa = PBXFileReference; fileEncoding = 4; lastKnownFileType = sourcecode.c.h; path = PlatformUtil.h; sourceTree = "<group>"; };
		18EF7E3018F1599700A6B77C /* PlatformUtil.m */ = {isa = PBXFileReference; fileEncoding = 4; lastKnownFileType = sourcecode.c.objc; path = PlatformUtil.m; sourceTree = "<group>"; };
		18EF7E3218F15D4D00A6B77C /* NameSheetList.h */ = {isa = PBXFileReference; fileEncoding = 4; lastKnownFileType = sourcecode.c.h; path = NameSheetList.h; sourceTree = "<group>"; };
		18EF7E3318F15D4D00A6B77C /* NameSheetList.m */ = {isa = PBXFileReference; fileEncoding = 4; lastKnownFileType = sourcecode.c.objc; path = NameSheetList.m; sourceTree = "<group>"; };
/* End PBXFileReference section */

/* Begin PBXFrameworksBuildPhase section */
		18293B2018F009A100E453C9 /* Frameworks */ = {
			isa = PBXFrameworksBuildPhase;
			buildActionMask = 2147483647;
			files = (
				1866B18B18F00BBB00A17794 /* libsqlite3.0.dylib in Frameworks */,
				18293B2918F009A100E453C9 /* CoreGraphics.framework in Frameworks */,
				18293B2B18F009A100E453C9 /* UIKit.framework in Frameworks */,
				18293B2718F009A100E453C9 /* Foundation.framework in Frameworks */,
			);
			runOnlyForDeploymentPostprocessing = 0;
		};
		18293B4118F009A100E453C9 /* Frameworks */ = {
			isa = PBXFrameworksBuildPhase;
			buildActionMask = 2147483647;
			files = (
				18293B4618F009A100E453C9 /* XCTest.framework in Frameworks */,
				18293B4818F009A100E453C9 /* UIKit.framework in Frameworks */,
				18293B4718F009A100E453C9 /* Foundation.framework in Frameworks */,
			);
			runOnlyForDeploymentPostprocessing = 0;
		};
/* End PBXFrameworksBuildPhase section */

/* Begin PBXGroup section */
		18293B1A18F0099D00E453C9 = {
			isa = PBXGroup;
			children = (
				18EA9B9418F2B7E500FD1BB8 /* images */,
				1863738818F124D2002C1DED /* UI */,
				18A01FD618F105E60078E7AE /* Util */,
				18B04FE318F00DFB00D006BE /* Model */,
				1866B17A18F00AD100A17794 /* Database */,
				18293B2C18F009A100E453C9 /* aacalc */,
				18293B4B18F009A100E453C9 /* aacalcTests */,
				18293B2518F009A100E453C9 /* Frameworks */,
				18293B2418F009A100E453C9 /* Products */,
			);
			sourceTree = "<group>";
		};
		18293B2418F009A100E453C9 /* Products */ = {
			isa = PBXGroup;
			children = (
				18293B2318F009A100E453C9 /* aacalc.app */,
				18293B4418F009A100E453C9 /* aacalcTests.xctest */,
			);
			name = Products;
			sourceTree = "<group>";
		};
		18293B2518F009A100E453C9 /* Frameworks */ = {
			isa = PBXGroup;
			children = (
				1866B18A18F00BBB00A17794 /* libsqlite3.0.dylib */,
				18293B2618F009A100E453C9 /* Foundation.framework */,
				18293B2818F009A100E453C9 /* CoreGraphics.framework */,
				18293B2A18F009A100E453C9 /* UIKit.framework */,
				18293B4518F009A100E453C9 /* XCTest.framework */,
			);
			name = Frameworks;
			sourceTree = "<group>";
		};
		18293B2C18F009A100E453C9 /* aacalc */ = {
			isa = PBXGroup;
			children = (
				18293B3518F009A100E453C9 /* AppDelegate.h */,
				18293B3618F009A100E453C9 /* AppDelegate.m */,
				18293B3818F009A100E453C9 /* Main.storyboard */,
				18293B3B18F009A100E453C9 /* ViewController.h */,
				18293B3C18F009A100E453C9 /* ViewController.m */,
				18293B3E18F009A100E453C9 /* Images.xcassets */,
				18293B2D18F009A100E453C9 /* Supporting Files */,
			);
			path = aacalc;
			sourceTree = "<group>";
		};
		18293B2D18F009A100E453C9 /* Supporting Files */ = {
			isa = PBXGroup;
			children = (
				18293B2E18F009A100E453C9 /* aacalc-Info.plist */,
				18293B2F18F009A100E453C9 /* InfoPlist.strings */,
				18293B3218F009A100E453C9 /* main.m */,
				18293B3418F009A100E453C9 /* aacalc-Prefix.pch */,
			);
			name = "Supporting Files";
			sourceTree = "<group>";
		};
		18293B4B18F009A100E453C9 /* aacalcTests */ = {
			isa = PBXGroup;
			children = (
				18293B5118F009A100E453C9 /* aacalcTests.m */,
				18293B4C18F009A100E453C9 /* Supporting Files */,
			);
			path = aacalcTests;
			sourceTree = "<group>";
		};
		18293B4C18F009A100E453C9 /* Supporting Files */ = {
			isa = PBXGroup;
			children = (
				18293B4D18F009A100E453C9 /* aacalcTests-Info.plist */,
				18293B4E18F009A100E453C9 /* InfoPlist.strings */,
			);
			name = "Supporting Files";
			sourceTree = "<group>";
		};
		1863738818F124D2002C1DED /* UI */ = {
			isa = PBXGroup;
			children = (
				1863738918F12509002C1DED /* FormDetail.h */,
				1863738A18F12509002C1DED /* FormDetail.m */,
				1863739518F142E7002C1DED /* FormTableViewCell.h */,
				1863739618F142E7002C1DED /* FormTableViewCell.m */,
				1863739818F14313002C1DED /* FormTableViewCell.xib */,
				18EF7E3218F15D4D00A6B77C /* NameSheetList.h */,
				18EF7E3318F15D4D00A6B77C /* NameSheetList.m */,
				18ED4F7A18F19387002969C8 /* NameSheetDetail.h */,
				18ED4F7B18F19387002969C8 /* NameSheetDetail.m */,
				18ED4F7D18F19554002969C8 /* NameSheetViewCell.h */,
				18ED4F7E18F19554002969C8 /* NameSheetViewCell.m */,
				18ED4F8018F19577002969C8 /* NameSheetViewCell.xib */,
				18ED4F8518F1AD9C002969C8 /* DataItemList.h */,
				18ED4F8618F1AD9C002969C8 /* DataItemList.m */,
				18ED4F8818F1B247002969C8 /* DataItemViewCell.h */,
				18ED4F8918F1B247002969C8 /* DataItemViewCell.m */,
				18EDCFF418F24900000B3B5C /* DataItemViewCell.xib */,
				18EDCFF118F23FA3000B3B5C /* DataItemDetail.h */,
				18EDCFF218F23FA3000B3B5C /* DataItemDetail.m */,
				181B70401906B6F200EE0F7D /* AboutView.h */,
				181B70411906B6F200EE0F7D /* AboutView.m */,
			);
			name = UI;
			path = aacalc/UI;
			sourceTree = "<group>";
		};
		1866B17A18F00AD100A17794 /* Database */ = {
			isa = PBXGroup;
			children = (
				18B04FE018F00D6C00D006BE /* SqlHelper.h */,
				18B04FE118F00D6C00D006BE /* SqlHelper.m */,
				1866B17B18F00AD100A17794 /* FMDatabase.h */,
				1866B17C18F00AD100A17794 /* FMDatabase.m */,
				1866B17D18F00AD100A17794 /* FMDatabaseAdditions.h */,
				1866B17E18F00AD100A17794 /* FMDatabaseAdditions.m */,
				1866B17F18F00AD100A17794 /* FMDatabasePool.h */,
				1866B18018F00AD100A17794 /* FMDatabasePool.m */,
				1866B18118F00AD100A17794 /* FMDatabaseQueue.h */,
				1866B18218F00AD100A17794 /* FMDatabaseQueue.m */,
				1866B18318F00AD100A17794 /* FMResultSet.h */,
				1866B18418F00AD100A17794 /* FMResultSet.m */,
				18E819E018F0350C00754406 /* MyDBManager.h */,
				18E819E118F0350C00754406 /* MyDBManager.m */,
			);
			name = Database;
			path = aacalc/Database;
			sourceTree = "<group>";
		};
		18A01FD618F105E60078E7AE /* Util */ = {
			isa = PBXGroup;
			children = (
				1863738518F121A6002C1DED /* ButtonUtil.h */,
				1863738618F121A6002C1DED /* ButtonUtil.m */,
				1863738C18F12EAF002C1DED /* NSLogExt.h */,
				1863738D18F12EF0002C1DED /* NSLogExt.m */,
				1863738F18F13B4C002C1DED /* DialogUtil.h */,
				1863739018F13B4C002C1DED /* DialogUtil.m */,
				18EF7E2F18F1599700A6B77C /* PlatformUtil.h */,
				18EF7E3018F1599700A6B77C /* PlatformUtil.m */,
				18059BFA19A8EA5300A28732 /* Util.h */,
				18059BFB19A8EA5300A28732 /* Util.m */,
			);
			name = Util;
			path = aacalc/Util;
			sourceTree = "<group>";
		};
		18B04FE318F00DFB00D006BE /* Model */ = {
			isa = PBXGroup;
			children = (
				18E819E318F03A8C00754406 /* Form.h */,
				18E819E418F03A8C00754406 /* Form.m */,
				182466A718F04769002CCF26 /* NameSheet.h */,
				182466A818F04769002CCF26 /* NameSheet.m */,
				18A01FD318F0F6310078E7AE /* DataItem.h */,
				18A01FD418F0F6310078E7AE /* DataItem.m */,
			);
			name = Model;
			path = aacalc/Model;
			sourceTree = "<group>";
		};
		18EA9B9418F2B7E500FD1BB8 /* images */ = {
			isa = PBXGroup;
			children = (
				18059C0119A8F7D000A28732 /* Default.png */,
				18059BFD19A8F4E200A28732 /* Icon.png */,
				18059BFE19A8F4E200A28732 /* Icon@2x.png */,
				181B70431906BA6800EE0F7D /* me.png */,
			);
			name = images;
			path = aacalc/images;
			sourceTree = "<group>";
		};
/* End PBXGroup section */

/* Begin PBXNativeTarget section */
		18293B2218F009A100E453C9 /* aacalc */ = {
			isa = PBXNativeTarget;
			buildConfigurationList = 18293B5518F009A100E453C9 /* Build configuration list for PBXNativeTarget "aacalc" */;
			buildPhases = (
				18293B1F18F009A100E453C9 /* Sources */,
				18293B2018F009A100E453C9 /* Frameworks */,
				18293B2118F009A100E453C9 /* Resources */,
			);
			buildRules = (
			);
			dependencies = (
			);
			name = aacalc;
			productName = aacalc;
			productReference = 18293B2318F009A100E453C9 /* aacalc.app */;
			productType = "com.apple.product-type.application";
		};
		18293B4318F009A100E453C9 /* aacalcTests */ = {
			isa = PBXNativeTarget;
			buildConfigurationList = 18293B5818F009A100E453C9 /* Build configuration list for PBXNativeTarget "aacalcTests" */;
			buildPhases = (
				18293B4018F009A100E453C9 /* Sources */,
				18293B4118F009A100E453C9 /* Frameworks */,
				18293B4218F009A100E453C9 /* Resources */,
			);
			buildRules = (
			);
			dependencies = (
				18293B4A18F009A100E453C9 /* PBXTargetDependency */,
			);
			name = aacalcTests;
			productName = aacalcTests;
			productReference = 18293B4418F009A100E453C9 /* aacalcTests.xctest */;
			productType = "com.apple.product-type.bundle.unit-test";
		};
/* End PBXNativeTarget section */

/* Begin PBXProject section */
		18293B1B18F0099D00E453C9 /* Project object */ = {
			isa = PBXProject;
			attributes = {
				LastUpgradeCheck = 0500;
				ORGANIZATIONNAME = Apple;
				TargetAttributes = {
					18293B2218F009A100E453C9 = {
						DevelopmentTeam = 3U5V8P94QW;
					};
					18293B4318F009A100E453C9 = {
						TestTargetID = 18293B2218F009A100E453C9;
					};
				};
			};
			buildConfigurationList = 18293B1E18F0099D00E453C9 /* Build configuration list for PBXProject "aacalc" */;
			compatibilityVersion = "Xcode 3.2";
			developmentRegion = English;
			hasScannedForEncodings = 0;
			knownRegions = (
				en,
				Base,
			);
			mainGroup = 18293B1A18F0099D00E453C9;
			productRefGroup = 18293B2418F009A100E453C9 /* Products */;
			projectDirPath = "";
			projectRoot = "";
			targets = (
				18293B2218F009A100E453C9 /* aacalc */,
				18293B4318F009A100E453C9 /* aacalcTests */,
			);
		};
/* End PBXProject section */

/* Begin PBXResourcesBuildPhase section */
		18293B2118F009A100E453C9 /* Resources */ = {
			isa = PBXResourcesBuildPhase;
			buildActionMask = 2147483647;
			files = (
				18059BFF19A8F4E200A28732 /* Icon.png in Resources */,
				18293B3F18F009A100E453C9 /* Images.xcassets in Resources */,
				1863739918F14313002C1DED /* FormTableViewCell.xib in Resources */,
				18ED4F8118F19577002969C8 /* NameSheetViewCell.xib in Resources */,
				181B70441906BA6800EE0F7D /* me.png in Resources */,
				18EDCFF518F24900000B3B5C /* DataItemViewCell.xib in Resources */,
				18293B3118F009A100E453C9 /* InfoPlist.strings in Resources */,
				18293B3A18F009A100E453C9 /* Main.storyboard in Resources */,
				18059C0019A8F4E200A28732 /* Icon@2x.png in Resources */,
				18059C0219A8F7D000A28732 /* Default.png in Resources */,
			);
			runOnlyForDeploymentPostprocessing = 0;
		};
		18293B4218F009A100E453C9 /* Resources */ = {
			isa = PBXResourcesBuildPhase;
			buildActionMask = 2147483647;
			files = (
				18293B5018F009A100E453C9 /* InfoPlist.strings in Resources */,
			);
			runOnlyForDeploymentPostprocessing = 0;
		};
/* End PBXResourcesBuildPhase section */

/* Begin PBXSourcesBuildPhase section */
		18293B1F18F009A100E453C9 /* Sources */ = {
			isa = PBXSourcesBuildPhase;
			buildActionMask = 2147483647;
			files = (
				181B70421906B6F300EE0F7D /* AboutView.m in Sources */,
				18E819E218F0350C00754406 /* MyDBManager.m in Sources */,
				18ED4F8718F1AD9C002969C8 /* DataItemList.m in Sources */,
				18293B3D18F009A100E453C9 /* ViewController.m in Sources */,
				1866B18718F00AD100A17794 /* FMDatabasePool.m in Sources */,
				1863738B18F12509002C1DED /* FormDetail.m in Sources */,
				18EF7E3118F1599700A6B77C /* PlatformUtil.m in Sources */,
				18EF7E3418F15D4D00A6B77C /* NameSheetList.m in Sources */,
				1863739118F13B4C002C1DED /* DialogUtil.m in Sources */,
				1863738718F121A6002C1DED /* ButtonUtil.m in Sources */,
				18293B3718F009A100E453C9 /* AppDelegate.m in Sources */,
				1863739718F142E7002C1DED /* FormTableViewCell.m in Sources */,
				182466A918F04769002CCF26 /* NameSheet.m in Sources */,
				18B04FE218F00D6C00D006BE /* SqlHelper.m in Sources */,
				18A01FD518F0F6310078E7AE /* DataItem.m in Sources */,
				1866B18818F00AD100A17794 /* FMDatabaseQueue.m in Sources */,
				18293B3318F009A100E453C9 /* main.m in Sources */,
				18059BFC19A8EA5300A28732 /* Util.m in Sources */,
				18ED4F7F18F19554002969C8 /* NameSheetViewCell.m in Sources */,
				18ED4F8A18F1B247002969C8 /* DataItemViewCell.m in Sources */,
				1866B18518F00AD100A17794 /* FMDatabase.m in Sources */,
				1866B18918F00AD100A17794 /* FMResultSet.m in Sources */,
				18ED4F7C18F19387002969C8 /* NameSheetDetail.m in Sources */,
				18E819E518F03A8C00754406 /* Form.m in Sources */,
				18EDCFF318F23FA3000B3B5C /* DataItemDetail.m in Sources */,
				1866B18618F00AD100A17794 /* FMDatabaseAdditions.m in Sources */,
				1863738E18F12EF0002C1DED /* NSLogExt.m in Sources */,
			);
			runOnlyForDeploymentPostprocessing = 0;
		};
		18293B4018F009A100E453C9 /* Sources */ = {
			isa = PBXSourcesBuildPhase;
			buildActionMask = 2147483647;
			files = (
				18293B5218F009A100E453C9 /* aacalcTests.m in Sources */,
			);
			runOnlyForDeploymentPostprocessing = 0;
		};
/* End PBXSourcesBuildPhase section */

/* Begin PBXTargetDependency section */
		18293B4A18F009A100E453C9 /* PBXTargetDependency */ = {
			isa = PBXTargetDependency;
			target = 18293B2218F009A100E453C9 /* aacalc */;
			targetProxy = 18293B4918F009A100E453C9 /* PBXContainerItemProxy */;
		};
/* End PBXTargetDependency section */

/* Begin PBXVariantGroup section */
		18293B2F18F009A100E453C9 /* InfoPlist.strings */ = {
			isa = PBXVariantGroup;
			children = (
				18293B3018F009A100E453C9 /* en */,
			);
			name = InfoPlist.strings;
			sourceTree = "<group>";
		};
		18293B3818F009A100E453C9 /* Main.storyboard */ = {
			isa = PBXVariantGroup;
			children = (
				18293B3918F009A100E453C9 /* Base */,
			);
			name = Main.storyboard;
			sourceTree = "<group>";
		};
		18293B4E18F009A100E453C9 /* InfoPlist.strings */ = {
			isa = PBXVariantGroup;
			children = (
				18293B4F18F009A100E453C9 /* en */,
			);
			name = InfoPlist.strings;
			sourceTree = "<group>";
		};
/* End PBXVariantGroup section */

/* Begin XCBuildConfiguration section */
		18293B5318F009A100E453C9 /* Debug */ = {
			isa = XCBuildConfiguration;
			buildSettings = {
				ALWAYS_SEARCH_USER_PATHS = NO;
				ARCHS = "$(ARCHS_STANDARD_INCLUDING_64_BIT)";
				CLANG_CXX_LANGUAGE_STANDARD = "gnu++0x";
				CLANG_CXX_LIBRARY = "libc++";
				CLANG_ENABLE_MODULES = YES;
				CLANG_ENABLE_OBJC_ARC = YES;
				CLANG_WARN_BOOL_CONVERSION = YES;
				CLANG_WARN_CONSTANT_CONVERSION = YES;
				CLANG_WARN_DIRECT_OBJC_ISA_USAGE = YES_ERROR;
				CLANG_WARN_EMPTY_BODY = YES;
				CLANG_WARN_ENUM_CONVERSION = YES;
				CLANG_WARN_INT_CONVERSION = YES;
				CLANG_WARN_OBJC_ROOT_CLASS = YES_ERROR;
				CLANG_WARN__DUPLICATE_METHOD_MATCH = YES;
				"CODE_SIGN_IDENTITY[sdk=iphoneos*]" = "iPhone Developer";
				COPY_PHASE_STRIP = NO;
				GCC_C_LANGUAGE_STANDARD = gnu99;
				GCC_DYNAMIC_NO_PIC = NO;
				GCC_OPTIMIZATION_LEVEL = 0;
				GCC_PREPROCESSOR_DEFINITIONS = (
					"DEBUG=1",
					"$(inherited)",
				);
				GCC_SYMBOLS_PRIVATE_EXTERN = NO;
				GCC_WARN_64_TO_32_BIT_CONVERSION = YES;
				GCC_WARN_ABOUT_RETURN_TYPE = YES_ERROR;
				GCC_WARN_UNDECLARED_SELECTOR = YES;
				GCC_WARN_UNINITIALIZED_AUTOS = YES;
				GCC_WARN_UNUSED_FUNCTION = YES;
				GCC_WARN_UNUSED_VARIABLE = YES;
				IPHONEOS_DEPLOYMENT_TARGET = 6.1;
				ONLY_ACTIVE_ARCH = YES;
				SDKROOT = iphoneos;
			};
			name = Debug;
		};
		18293B5418F009A100E453C9 /* Release */ = {
			isa = XCBuildConfiguration;
			buildSettings = {
				ALWAYS_SEARCH_USER_PATHS = NO;
				ARCHS = "$(ARCHS_STANDARD_INCLUDING_64_BIT)";
				CLANG_CXX_LANGUAGE_STANDARD = "gnu++0x";
				CLANG_CXX_LIBRARY = "libc++";
				CLANG_ENABLE_MODULES = YES;
				CLANG_ENABLE_OBJC_ARC = YES;
				CLANG_WARN_BOOL_CONVERSION = YES;
				CLANG_WARN_CONSTANT_CONVERSION = YES;
				CLANG_WARN_DIRECT_OBJC_ISA_USAGE = YES_ERROR;
				CLANG_WARN_EMPTY_BODY = YES;
				CLANG_WARN_ENUM_CONVERSION = YES;
				CLANG_WARN_INT_CONVERSION = YES;
				CLANG_WARN_OBJC_ROOT_CLASS = YES_ERROR;
				CLANG_WARN__DUPLICATE_METHOD_MATCH = YES;
				"CODE_SIGN_IDENTITY[sdk=iphoneos*]" = "iPhone Developer";
				COPY_PHASE_STRIP = YES;
				ENABLE_NS_ASSERTIONS = NO;
				GCC_C_LANGUAGE_STANDARD = gnu99;
				GCC_WARN_64_TO_32_BIT_CONVERSION = YES;
				GCC_WARN_ABOUT_RETURN_TYPE = YES_ERROR;
				GCC_WARN_UNDECLARED_SELECTOR = YES;
				GCC_WARN_UNINITIALIZED_AUTOS = YES;
				GCC_WARN_UNUSED_FUNCTION = YES;
				GCC_WARN_UNUSED_VARIABLE = YES;
				IPHONEOS_DEPLOYMENT_TARGET = 6.1;
				SDKROOT = iphoneos;
				VALIDATE_PRODUCT = YES;
			};
			name = Release;
		};
		18293B5618F009A100E453C9 /* Debug */ = {
			isa = XCBuildConfiguration;
			buildSettings = {
				ASSETCATALOG_COMPILER_APPICON_NAME = AppIcon;
				ASSETCATALOG_COMPILER_LAUNCHIMAGE_NAME = LaunchImage;
				CODE_SIGN_IDENTITY = "iPhone Developer";
				GCC_PRECOMPILE_PREFIX_HEADER = YES;
				GCC_PREFIX_HEADER = "aacalc/aacalc-Prefix.pch";
				INFOPLIST_FILE = "aacalc/aacalc-Info.plist";
				ONLY_ACTIVE_ARCH = NO;
				PRODUCT_NAME = "$(TARGET_NAME)";
				TARGETED_DEVICE_FAMILY = 1;
				VALID_ARCHS = "armv7 armv7s";
				WRAPPER_EXTENSION = app;
			};
			name = Debug;
		};
		18293B5718F009A100E453C9 /* Release */ = {
			isa = XCBuildConfiguration;
			buildSettings = {
				ASSETCATALOG_COMPILER_APPICON_NAME = AppIcon;
				ASSETCATALOG_COMPILER_LAUNCHIMAGE_NAME = LaunchImage;
				CODE_SIGN_IDENTITY = "iPhone Developer";
				GCC_PRECOMPILE_PREFIX_HEADER = YES;
				GCC_PREFIX_HEADER = "aacalc/aacalc-Prefix.pch";
				INFOPLIST_FILE = "aacalc/aacalc-Info.plist";
				ONLY_ACTIVE_ARCH = NO;
				PRODUCT_NAME = "$(TARGET_NAME)";
				TARGETED_DEVICE_FAMILY = 1;
				VALID_ARCHS = "armv7 armv7s";
				WRAPPER_EXTENSION = app;
			};
			name = Release;
		};
		18293B5918F009A100E453C9 /* Debug */ = {
			isa = XCBuildConfiguration;
			buildSettings = {
				ARCHS = "$(ARCHS_STANDARD_INCLUDING_64_BIT)";
				BUNDLE_LOADER = "$(BUILT_PRODUCTS_DIR)/aacalc.app/aacalc";
				FRAMEWORK_SEARCH_PATHS = (
					"$(SDKROOT)/Developer/Library/Frameworks",
					"$(inherited)",
					"$(DEVELOPER_FRAMEWORKS_DIR)",
				);
				GCC_PRECOMPILE_PREFIX_HEADER = YES;
				GCC_PREFIX_HEADER = "aacalc/aacalc-Prefix.pch";
				GCC_PREPROCESSOR_DEFINITIONS = (
					"DEBUG=1",
					"$(inherited)",
				);
				INFOPLIST_FILE = "aacalcTests/aacalcTests-Info.plist";
				PRODUCT_NAME = "$(TARGET_NAME)";
				TEST_HOST = "$(BUNDLE_LOADER)";
				WRAPPER_EXTENSION = xctest;
			};
			name = Debug;
		};
		18293B5A18F009A100E453C9 /* Release */ = {
			isa = XCBuildConfiguration;
			buildSettings = {
				ARCHS = "$(ARCHS_STANDARD_INCLUDING_64_BIT)";
				BUNDLE_LOADER = "$(BUILT_PRODUCTS_DIR)/aacalc.app/aacalc";
				FRAMEWORK_SEARCH_PATHS = (
					"$(SDKROOT)/Developer/Library/Frameworks",
					"$(inherited)",
					"$(DEVELOPER_FRAMEWORKS_DIR)",
				);
				GCC_PRECOMPILE_PREFIX_HEADER = YES;
				GCC_PREFIX_HEADER = "aacalc/aacalc-Prefix.pch";
				INFOPLIST_FILE = "aacalcTests/aacalcTests-Info.plist";
				PRODUCT_NAME = "$(TARGET_NAME)";
				TEST_HOST = "$(BUNDLE_LOADER)";
				WRAPPER_EXTENSION = xctest;
			};
			name = Release;
		};
/* End XCBuildConfiguration section */

/* Begin XCConfigurationList section */
		18293B1E18F0099D00E453C9 /* Build configuration list for PBXProject "aacalc" */ = {
			isa = XCConfigurationList;
			buildConfigurations = (
				18293B5318F009A100E453C9 /* Debug */,
				18293B5418F009A100E453C9 /* Release */,
			);
			defaultConfigurationIsVisible = 0;
			defaultConfigurationName = Release;
		};
		18293B5518F009A100E453C9 /* Build configuration list for PBXNativeTarget "aacalc" */ = {
			isa = XCConfigurationList;
			buildConfigurations = (
				18293B5618F009A100E453C9 /* Debug */,
				18293B5718F009A100E453C9 /* Release */,
			);
			defaultConfigurationIsVisible = 0;
			defaultConfigurationName = Release;
		};
		18293B5818F009A100E453C9 /* Build configuration list for PBXNativeTarget "aacalcTests" */ = {
			isa = XCConfigurationList;
			buildConfigurations = (
				18293B5918F009A100E453C9 /* Debug */,
				18293B5A18F009A100E453C9 /* Release */,
			);
			defaultConfigurationIsVisible = 0;
			defaultConfigurationName = Release;
		};
/* End XCConfigurationList section */
	};
	rootObject = 18293B1B18F0099D00E453C9 /* Project object */;
}
